{"format_version":"1.1","terraform_version":"1.2.2","planned_values":{"root_module":{"resources":[{"address":"google_compute_instance.default","mode":"managed","type":"google_compute_instance","name":"default","provider_name":"registry.terraform.io/hashicorp/google","schema_version":6,"values":{"advanced_machine_features":[],"allow_stopping_for_update":null,"attached_disk":[],"boot_disk":[{"auto_delete":true,"disk_encryption_key_raw":null,"initialize_params":[{"image":"debian-cloud/debian-9ss"}],"mode":"READ_WRITE"}],"can_ip_forward":false,"deletion_protection":false,"description":null,"desired_status":null,"enable_display":null,"hostname":null,"labels":null,"machine_type":"f1-micro","metadata":{"enable-oslogin":"TRUE"},"metadata_startup_script":null,"name":"flask-vm","network_interface":[{"access_config":[],"alias_ip_range":[],"ipv6_access_config":[],"network":"default","nic_type":null,"queue_count":null}],"resource_policies":null,"scratch_disk":[],"service_account":[],"shielded_instance_config":[],"tags":["ssh"],"timeouts":null,"zone":"us-west1-a"},"sensitive_values":{"advanced_machine_features":[],"attached_disk":[],"boot_disk":[{"initialize_params":[{"labels":{}}]}],"confidential_instance_config":[],"guest_accelerator":[],"metadata":{},"network_interface":[{"access_config":[],"alias_ip_range":[],"ipv6_access_config":[]}],"reservation_affinity":[],"scheduling":[],"scratch_disk":[],"service_account":[],"shielded_instance_config":[],"tags":[false]}}]}},"resource_changes":[{"address":"google_compute_instance.default","mode":"managed","type":"google_compute_instance","name":"default","provider_name":"registry.terraform.io/hashicorp/google","change":{"actions":["create"],"before":null,"after":{"advanced_machine_features":[],"allow_stopping_for_update":null,"attached_disk":[],"boot_disk":[{"auto_delete":true,"disk_encryption_key_raw":null,"initialize_params":[{"image":"debian-cloud/debian-9ss"}],"mode":"READ_WRITE"}],"can_ip_forward":false,"deletion_protection":false,"description":null,"desired_status":null,"enable_display":null,"hostname":null,"labels":null,"machine_type":"f1-micro","metadata":{"enable-oslogin":"TRUE"},"metadata_startup_script":null,"name":"flask-vm","network_interface":[{"access_config":[],"alias_ip_range":[],"ipv6_access_config":[],"network":"default","nic_type":null,"queue_count":null}],"resource_policies":null,"scratch_disk":[],"service_account":[],"shielded_instance_config":[],"tags":["ssh"],"timeouts":null,"zone":"us-west1-a"},"after_unknown":{"advanced_machine_features":[],"attached_disk":[],"boot_disk":[{"device_name":true,"disk_encryption_key_sha256":true,"initialize_params":[{"labels":true,"size":true,"type":true}],"kms_key_self_link":true,"source":true}],"confidential_instance_config":true,"cpu_platform":true,"current_status":true,"guest_accelerator":true,"id":true,"instance_id":true,"label_fingerprint":true,"metadata":{},"metadata_fingerprint":true,"min_cpu_platform":true,"network_interface":[{"access_config":[],"alias_ip_range":[],"ipv6_access_config":[],"ipv6_access_type":true,"name":true,"network_ip":true,"stack_type":true,"subnetwork":true,"subnetwork_project":true}],"project":true,"reservation_affinity":true,"scheduling":true,"scratch_disk":[],"self_link":true,"service_account":[],"shielded_instance_config":[],"tags":[false],"tags_fingerprint":true},"before_sensitive":false,"after_sensitive":{"advanced_machine_features":[],"attached_disk":[],"boot_disk":[{"disk_encryption_key_raw":true,"initialize_params":[{"labels":{}}]}],"confidential_instance_config":[],"guest_accelerator":[],"metadata":{},"network_interface":[{"access_config":[],"alias_ip_range":[],"ipv6_access_config":[]}],"reservation_affinity":[],"scheduling":[],"scratch_disk":[],"service_account":[],"shielded_instance_config":[],"tags":[false]}}}],"configuration":{"provider_config":{"google":{"name":"google","full_name":"registry.terraform.io/hashicorp/google"}},"root_module":{"resources":[{"address":"google_compute_instance.default","mode":"managed","type":"google_compute_instance","name":"default","provider_config_key":"google","expressions":{"boot_disk":[{"initialize_params":[{"image":{"constant_value":"debian-cloud/debian-9ss"}}]}],"machine_type":{"constant_value":"f1-micro"},"metadata":{"constant_value":{"enable-oslogin":"TRUE"}},"name":{"constant_value":"flask-vm"},"network_interface":[{"network":{"constant_value":"default"}}],"tags":{"constant_value":["ssh"]},"zone":{"constant_value":"us-west1-a"}},"schema_version":6}]}}}
